
Microsoft Visual Studio Solution File, Format Version 12.00
# Visual Studio Version 17
VisualStudioVersion = 17.11.35327.3
MinimumVisualStudioVersion = 10.0.40219.1
Project("{FAE04EC0-301F-11D3-BF4B-00C04F79EFBC}") = "InternetConnectionScheduler", "InternetConnectionScheduler.csproj", "{BD84BE9A-A109-4A8E-872A-27DCDA048309}"
EndProject
Global
	GlobalSection(SolutionConfigurationPlatforms) = preSolution
		Debug|Any CPU = Debug|Any CPU
		Release|Any CPU = Release|Any CPU
	EndGlobalSection
	GlobalSection(ProjectConfigurationPlatforms) = postSolution
		{BD84BE9A-A109-4A8E-872A-27DCDA048309}.Debug|Any CPU.ActiveCfg = Debug|Any CPU
		{BD84BE9A-A109-4A8E-872A-27DCDA048309}.Debug|Any CPU.Build.0 = Debug|Any CPU
		{BD84BE9A-A109-4A8E-872A-27DCDA048309}.Release|Any CPU.ActiveCfg = Release|Any CPU
		{BD84BE9A-A109-4A8E-872A-27DCDA048309}.Release|Any CPU.Build.0 = Release|Any CPU
	EndGlobalSection
	GlobalSection(SolutionProperties) = preSolution
		HideSolutionNode = FALSE
	EndGlobalSection
	GlobalSection(ExtensibilityGlobals) = postSolution
		SolutionGuid = {CC26AB36-9D10-469B-BFA5-8764CEB532A0}
	EndGlobalSection
EndGlobal
